// !$*UTF8*$!
{
	archiveVersion = 1;
	classes = {
	};
	objectVersion = 55;
	objects = {

/* Begin PBXBuildFile section */
		CE27A80C541A0B7EE8F383DC /* Pods_OzeCodingChallenge.framework in Frameworks */ = {isa = PBXBuildFile; fileRef = 48E43DD25CC081D301FD296E /* Pods_OzeCodingChallenge.framework */; };
		ED19A3E828BFFC0D00E31D57 /* String.swift in Sources */ = {isa = PBXBuildFile; fileRef = ED19A3E728BFFC0D00E31D57 /* String.swift */; };
		ED19A3ED28C028EE00E31D57 /* DetailsViewController.swift in Sources */ = {isa = PBXBuildFile; fileRef = ED19A3EC28C028EE00E31D57 /* DetailsViewController.swift */; };
		EDE58F9E28BE597400DC3446 /* AppDelegate.swift in Sources */ = {isa = PBXBuildFile; fileRef = EDE58F9D28BE597400DC3446 /* AppDelegate.swift */; };
		EDE58FA028BE597400DC3446 /* SceneDelegate.swift in Sources */ = {isa = PBXBuildFile; fileRef = EDE58F9F28BE597400DC3446 /* SceneDelegate.swift */; };
		EDE58FA228BE597400DC3446 /* HomeViewController.swift in Sources */ = {isa = PBXBuildFile; fileRef = EDE58FA128BE597400DC3446 /* HomeViewController.swift */; };
		EDE58FA728BE597500DC3446 /* Assets.xcassets in Resources */ = {isa = PBXBuildFile; fileRef = EDE58FA628BE597500DC3446 /* Assets.xcassets */; };
		EDE58FAA28BE597500DC3446 /* LaunchScreen.storyboard in Resources */ = {isa = PBXBuildFile; fileRef = EDE58FA828BE597500DC3446 /* LaunchScreen.storyboard */; };
		EDE58FB328BE5A7B00DC3446 /* Route.swift in Sources */ = {isa = PBXBuildFile; fileRef = EDE58FB228BE5A7B00DC3446 /* Route.swift */; };
		EDE58FB528BE5A8600DC3446 /* AppError.swift in Sources */ = {isa = PBXBuildFile; fileRef = EDE58FB428BE5A8600DC3446 /* AppError.swift */; };
		EDE58FB728BE5A9300DC3446 /* NetworkService.swift in Sources */ = {isa = PBXBuildFile; fileRef = EDE58FB628BE5A9300DC3446 /* NetworkService.swift */; };
		EDE58FB928BE5AA500DC3446 /* Method.swift in Sources */ = {isa = PBXBuildFile; fileRef = EDE58FB828BE5AA500DC3446 /* Method.swift */; };
		EDE58FBB28BE5AD700DC3446 /* StringExtension.swift in Sources */ = {isa = PBXBuildFile; fileRef = EDE58FBA28BE5AD700DC3446 /* StringExtension.swift */; };
		EDE58FBE28BF503600DC3446 /* DataModel.swift in Sources */ = {isa = PBXBuildFile; fileRef = EDE58FBD28BF503600DC3446 /* DataModel.swift */; };
		EDE58FC128BF514100DC3446 /* DataViewModel.swift in Sources */ = {isa = PBXBuildFile; fileRef = EDE58FC028BF514100DC3446 /* DataViewModel.swift */; };
		EDE58FC328BF5CB600DC3446 /* RealmDataSource.swift in Sources */ = {isa = PBXBuildFile; fileRef = EDE58FC228BF5CB600DC3446 /* RealmDataSource.swift */; };
		EDE58FC528BF5D2100DC3446 /* DataRealmModel.swift in Sources */ = {isa = PBXBuildFile; fileRef = EDE58FC428BF5D2100DC3446 /* DataRealmModel.swift */; };
		EDE58FC828BF6D4D00DC3446 /* AppsColors.swift in Sources */ = {isa = PBXBuildFile; fileRef = EDE58FC728BF6D4D00DC3446 /* AppsColors.swift */; };
		EDE58FCA28BF6DC800DC3446 /* ColorsExtension.swift in Sources */ = {isa = PBXBuildFile; fileRef = EDE58FC928BF6DC800DC3446 /* ColorsExtension.swift */; };
		EDE58FCC28BF6E0200DC3446 /* FontsExtension.swift in Sources */ = {isa = PBXBuildFile; fileRef = EDE58FCB28BF6E0200DC3446 /* FontsExtension.swift */; };
		EDE58FCF28BF70E100DC3446 /* MainDataCell.swift in Sources */ = {isa = PBXBuildFile; fileRef = EDE58FCE28BF70E100DC3446 /* MainDataCell.swift */; };
		EDE58FD128BF749F00DC3446 /* ViewExtension.swift in Sources */ = {isa = PBXBuildFile; fileRef = EDE58FD028BF749F00DC3446 /* ViewExtension.swift */; };
		EDE58FD328BF764600DC3446 /* HeaderView.swift in Sources */ = {isa = PBXBuildFile; fileRef = EDE58FD228BF764600DC3446 /* HeaderView.swift */; };
		EDE58FD528BF779C00DC3446 /* ImageViewExtension.swift in Sources */ = {isa = PBXBuildFile; fileRef = EDE58FD428BF779C00DC3446 /* ImageViewExtension.swift */; };
/* End PBXBuildFile section */

/* Begin PBXFileReference section */
		179FE7EF3036DED6F43016D8 /* Pods-OzeCodingChallenge.release.xcconfig */ = {isa = PBXFileReference; includeInIndex = 1; lastKnownFileType = text.xcconfig; name = "Pods-OzeCodingChallenge.release.xcconfig"; path = "Target Support Files/Pods-OzeCodingChallenge/Pods-OzeCodingChallenge.release.xcconfig"; sourceTree = "<group>"; };
		48E43DD25CC081D301FD296E /* Pods_OzeCodingChallenge.framework */ = {isa = PBXFileReference; explicitFileType = wrapper.framework; includeInIndex = 0; path = Pods_OzeCodingChallenge.framework; sourceTree = BUILT_PRODUCTS_DIR; };
		AB8341842021540AB73E9978 /* Pods-OzeCodingChallenge.debug.xcconfig */ = {isa = PBXFileReference; includeInIndex = 1; lastKnownFileType = text.xcconfig; name = "Pods-OzeCodingChallenge.debug.xcconfig"; path = "Target Support Files/Pods-OzeCodingChallenge/Pods-OzeCodingChallenge.debug.xcconfig"; sourceTree = "<group>"; };
		ED19A3E728BFFC0D00E31D57 /* String.swift */ = {isa = PBXFileReference; lastKnownFileType = sourcecode.swift; path = String.swift; sourceTree = "<group>"; };
		ED19A3EC28C028EE00E31D57 /* DetailsViewController.swift */ = {isa = PBXFileReference; lastKnownFileType = sourcecode.swift; path = DetailsViewController.swift; sourceTree = "<group>"; };
		EDE58F9A28BE597400DC3446 /* OzeCodingChallenge.app */ = {isa = PBXFileReference; explicitFileType = wrapper.application; includeInIndex = 0; path = OzeCodingChallenge.app; sourceTree = BUILT_PRODUCTS_DIR; };
		EDE58F9D28BE597400DC3446 /* AppDelegate.swift */ = {isa = PBXFileReference; lastKnownFileType = sourcecode.swift; path = AppDelegate.swift; sourceTree = "<group>"; };
		EDE58F9F28BE597400DC3446 /* SceneDelegate.swift */ = {isa = PBXFileReference; lastKnownFileType = sourcecode.swift; path = SceneDelegate.swift; sourceTree = "<group>"; };
		EDE58FA128BE597400DC3446 /* HomeViewController.swift */ = {isa = PBXFileReference; lastKnownFileType = sourcecode.swift; path = HomeViewController.swift; sourceTree = "<group>"; };
		EDE58FA628BE597500DC3446 /* Assets.xcassets */ = {isa = PBXFileReference; lastKnownFileType = folder.assetcatalog; path = Assets.xcassets; sourceTree = "<group>"; };
		EDE58FA928BE597500DC3446 /* Base */ = {isa = PBXFileReference; lastKnownFileType = file.storyboard; name = Base; path = Base.lproj/LaunchScreen.storyboard; sourceTree = "<group>"; };
		EDE58FAB28BE597500DC3446 /* Info.plist */ = {isa = PBXFileReference; lastKnownFileType = text.plist.xml; path = Info.plist; sourceTree = "<group>"; };
		EDE58FB228BE5A7B00DC3446 /* Route.swift */ = {isa = PBXFileReference; lastKnownFileType = sourcecode.swift; path = Route.swift; sourceTree = "<group>"; };
		EDE58FB428BE5A8600DC3446 /* AppError.swift */ = {isa = PBXFileReference; lastKnownFileType = sourcecode.swift; path = AppError.swift; sourceTree = "<group>"; };
		EDE58FB628BE5A9300DC3446 /* NetworkService.swift */ = {isa = PBXFileReference; lastKnownFileType = sourcecode.swift; path = NetworkService.swift; sourceTree = "<group>"; };
		EDE58FB828BE5AA500DC3446 /* Method.swift */ = {isa = PBXFileReference; lastKnownFileType = sourcecode.swift; path = Method.swift; sourceTree = "<group>"; };
		EDE58FBA28BE5AD700DC3446 /* StringExtension.swift */ = {isa = PBXFileReference; lastKnownFileType = sourcecode.swift; path = StringExtension.swift; sourceTree = "<group>"; };
		EDE58FBD28BF503600DC3446 /* DataModel.swift */ = {isa = PBXFileReference; lastKnownFileType = sourcecode.swift; path = DataModel.swift; sourceTree = "<group>"; };
		EDE58FC028BF514100DC3446 /* DataViewModel.swift */ = {isa = PBXFileReference; lastKnownFileType = sourcecode.swift; path = DataViewModel.swift; sourceTree = "<group>"; };
		EDE58FC228BF5CB600DC3446 /* RealmDataSource.swift */ = {isa = PBXFileReference; lastKnownFileType = sourcecode.swift; path = RealmDataSource.swift; sourceTree = "<group>"; };
		EDE58FC428BF5D2100DC3446 /* DataRealmModel.swift */ = {isa = PBXFileReference; lastKnownFileType = sourcecode.swift; path = DataRealmModel.swift; sourceTree = "<group>"; };
		EDE58FC728BF6D4D00DC3446 /* AppsColors.swift */ = {isa = PBXFileReference; lastKnownFileType = sourcecode.swift; path = AppsColors.swift; sourceTree = "<group>"; };
		EDE58FC928BF6DC800DC3446 /* ColorsExtension.swift */ = {isa = PBXFileReference; lastKnownFileType = sourcecode.swift; path = ColorsExtension.swift; sourceTree = "<group>"; };
		EDE58FCB28BF6E0200DC3446 /* FontsExtension.swift */ = {isa = PBXFileReference; lastKnownFileType = sourcecode.swift; path = FontsExtension.swift; sourceTree = "<group>"; };
		EDE58FCE28BF70E100DC3446 /* MainDataCell.swift */ = {isa = PBXFileReference; lastKnownFileType = sourcecode.swift; path = MainDataCell.swift; sourceTree = "<group>"; };
		EDE58FD028BF749F00DC3446 /* ViewExtension.swift */ = {isa = PBXFileReference; lastKnownFileType = sourcecode.swift; path = ViewExtension.swift; sourceTree = "<group>"; };
		EDE58FD228BF764600DC3446 /* HeaderView.swift */ = {isa = PBXFileReference; lastKnownFileType = sourcecode.swift; path = HeaderView.swift; sourceTree = "<group>"; };
		EDE58FD428BF779C00DC3446 /* ImageViewExtension.swift */ = {isa = PBXFileReference; lastKnownFileType = sourcecode.swift; path = ImageViewExtension.swift; sourceTree = "<group>"; };
/* End PBXFileReference section */

/* Begin PBXFrameworksBuildPhase section */
		EDE58F9728BE597400DC3446 /* Frameworks */ = {
			isa = PBXFrameworksBuildPhase;
			buildActionMask = 2147483647;
			files = (
				CE27A80C541A0B7EE8F383DC /* Pods_OzeCodingChallenge.framework in Frameworks */,
			);
			runOnlyForDeploymentPostprocessing = 0;
		};
/* End PBXFrameworksBuildPhase section */

/* Begin PBXGroup section */
		837D11E7086C0494CC55CDAB /* Frameworks */ = {
			isa = PBXGroup;
			children = (
				48E43DD25CC081D301FD296E /* Pods_OzeCodingChallenge.framework */,
			);
			name = Frameworks;
			sourceTree = "<group>";
		};
		ED19A3E928C028BF00E31D57 /* Controllers */ = {
			isa = PBXGroup;
			children = (
				EDE58FA128BE597400DC3446 /* HomeViewController.swift */,
				ED19A3EC28C028EE00E31D57 /* DetailsViewController.swift */,
			);
			path = Controllers;
			sourceTree = "<group>";
		};
		EDE58F9128BE597400DC3446 = {
			isa = PBXGroup;
			children = (
				EDE58F9C28BE597400DC3446 /* OzeCodingChallenge */,
				EDE58F9B28BE597400DC3446 /* Products */,
				FFB3E071063CB7C2FCE95438 /* Pods */,
				837D11E7086C0494CC55CDAB /* Frameworks */,
			);
			sourceTree = "<group>";
		};
		EDE58F9B28BE597400DC3446 /* Products */ = {
			isa = PBXGroup;
			children = (
				EDE58F9A28BE597400DC3446 /* OzeCodingChallenge.app */,
			);
			name = Products;
			sourceTree = "<group>";
		};
		EDE58F9C28BE597400DC3446 /* OzeCodingChallenge */ = {
			isa = PBXGroup;
			children = (
				ED19A3E928C028BF00E31D57 /* Controllers */,
				EDE58FCD28BF70C300DC3446 /* Cell */,
				EDE58FC628BF6D3D00DC3446 /* Views */,
				EDE58FBF28BF505B00DC3446 /* ViewModel */,
				EDE58FBC28BF501200DC3446 /* Model */,
				EDE58FB128BE5A5B00DC3446 /* Network */,
				EDE58F9D28BE597400DC3446 /* AppDelegate.swift */,
				EDE58F9F28BE597400DC3446 /* SceneDelegate.swift */,
				EDE58FA628BE597500DC3446 /* Assets.xcassets */,
				EDE58FA828BE597500DC3446 /* LaunchScreen.storyboard */,
				EDE58FAB28BE597500DC3446 /* Info.plist */,
			);
			path = OzeCodingChallenge;
			sourceTree = "<group>";
		};
		EDE58FB128BE5A5B00DC3446 /* Network */ = {
			isa = PBXGroup;
			children = (
				EDE58FB228BE5A7B00DC3446 /* Route.swift */,
				EDE58FB428BE5A8600DC3446 /* AppError.swift */,
				EDE58FB628BE5A9300DC3446 /* NetworkService.swift */,
				EDE58FB828BE5AA500DC3446 /* Method.swift */,
				EDE58FBA28BE5AD700DC3446 /* StringExtension.swift */,
			);
			path = Network;
			sourceTree = "<group>";
		};
		EDE58FBC28BF501200DC3446 /* Model */ = {
			isa = PBXGroup;
			children = (
				EDE58FBD28BF503600DC3446 /* DataModel.swift */,
				EDE58FC428BF5D2100DC3446 /* DataRealmModel.swift */,
			);
			path = Model;
			sourceTree = "<group>";
		};
		EDE58FBF28BF505B00DC3446 /* ViewModel */ = {
			isa = PBXGroup;
			children = (
				EDE58FC028BF514100DC3446 /* DataViewModel.swift */,
				EDE58FC228BF5CB600DC3446 /* RealmDataSource.swift */,
			);
			path = ViewModel;
			sourceTree = "<group>";
		};
		EDE58FC628BF6D3D00DC3446 /* Views */ = {
			isa = PBXGroup;
			children = (
				EDE58FC728BF6D4D00DC3446 /* AppsColors.swift */,
				EDE58FC928BF6DC800DC3446 /* ColorsExtension.swift */,
				EDE58FCB28BF6E0200DC3446 /* FontsExtension.swift */,
				EDE58FD028BF749F00DC3446 /* ViewExtension.swift */,
				EDE58FD228BF764600DC3446 /* HeaderView.swift */,
				EDE58FD428BF779C00DC3446 /* ImageViewExtension.swift */,
				ED19A3E728BFFC0D00E31D57 /* String.swift */,
			);
			path = Views;
			sourceTree = "<group>";
		};
		EDE58FCD28BF70C300DC3446 /* Cell */ = {
			isa = PBXGroup;
			children = (
				EDE58FCE28BF70E100DC3446 /* MainDataCell.swift */,
			);
			path = Cell;
			sourceTree = "<group>";
		};
		FFB3E071063CB7C2FCE95438 /* Pods */ = {
			isa = PBXGroup;
			children = (
				AB8341842021540AB73E9978 /* Pods-OzeCodingChallenge.debug.xcconfig */,
				179FE7EF3036DED6F43016D8 /* Pods-OzeCodingChallenge.release.xcconfig */,
			);
			path = Pods;
			sourceTree = "<group>";
		};
/* End PBXGroup section */

/* Begin PBXNativeTarget section */
		EDE58F9928BE597400DC3446 /* OzeCodingChallenge */ = {
			isa = PBXNativeTarget;
			buildConfigurationList = EDE58FAE28BE597500DC3446 /* Build configuration list for PBXNativeTarget "OzeCodingChallenge" */;
			buildPhases = (
				1E7533DAD48126B24C93E28D /* [CP] Check Pods Manifest.lock */,
				EDE58F9628BE597400DC3446 /* Sources */,
				EDE58F9728BE597400DC3446 /* Frameworks */,
				EDE58F9828BE597400DC3446 /* Resources */,
				6732F2E913E75E74140281B2 /* [CP] Embed Pods Frameworks */,
			);
			buildRules = (
			);
			dependencies = (
			);
			name = OzeCodingChallenge;
			productName = OzeCodingChallenge;
			productReference = EDE58F9A28BE597400DC3446 /* OzeCodingChallenge.app */;
			productType = "com.apple.product-type.application";
		};
/* End PBXNativeTarget section */

/* Begin PBXProject section */
		EDE58F9228BE597400DC3446 /* Project object */ = {
			isa = PBXProject;
			attributes = {
				BuildIndependentTargetsInParallel = 1;
				LastSwiftUpdateCheck = 1330;
				LastUpgradeCheck = 1330;
				TargetAttributes = {
					EDE58F9928BE597400DC3446 = {
						CreatedOnToolsVersion = 13.3.1;
					};
				};
			};
			buildConfigurationList = EDE58F9528BE597400DC3446 /* Build configuration list for PBXProject "OzeCodingChallenge" */;
			compatibilityVersion = "Xcode 13.0";
			developmentRegion = en;
			hasScannedForEncodings = 0;
			knownRegions = (
				en,
				Base,
			);
			mainGroup = EDE58F9128BE597400DC3446;
			productRefGroup = EDE58F9B28BE597400DC3446 /* Products */;
			projectDirPath = "";
			projectRoot = "";
			targets = (
				EDE58F9928BE597400DC3446 /* OzeCodingChallenge */,
			);
		};
/* End PBXProject section */

/* Begin PBXResourcesBuildPhase section */
		EDE58F9828BE597400DC3446 /* Resources */ = {
			isa = PBXResourcesBuildPhase;
			buildActionMask = 2147483647;
			files = (
				EDE58FAA28BE597500DC3446 /* LaunchScreen.storyboard in Resources */,
				EDE58FA728BE597500DC3446 /* Assets.xcassets in Resources */,
			);
			runOnlyForDeploymentPostprocessing = 0;
		};
/* End PBXResourcesBuildPhase section */

/* Begin PBXShellScriptBuildPhase section */
		1E7533DAD48126B24C93E28D /* [CP] Check Pods Manifest.lock */ = {
			isa = PBXShellScriptBuildPhase;
			buildActionMask = 2147483647;
			files = (
			);
			inputFileListPaths = (
			);
			inputPaths = (
				"${PODS_PODFILE_DIR_PATH}/Podfile.lock",
				"${PODS_ROOT}/Manifest.lock",
			);
			name = "[CP] Check Pods Manifest.lock";
			outputFileListPaths = (
			);
			outputPaths = (
				"$(DERIVED_FILE_DIR)/Pods-OzeCodingChallenge-checkManifestLockResult.txt",
			);
			runOnlyForDeploymentPostprocessing = 0;
			shellPath = /bin/sh;
			shellScript = "diff \"${PODS_PODFILE_DIR_PATH}/Podfile.lock\" \"${PODS_ROOT}/Manifest.lock\" > /dev/null\nif [ $? != 0 ] ; then\n    # print error to STDERR\n    echo \"error: The sandbox is not in sync with the Podfile.lock. Run 'pod install' or update your CocoaPods installation.\" >&2\n    exit 1\nfi\n# This output is used by Xcode 'outputs' to avoid re-running this script phase.\necho \"SUCCESS\" > \"${SCRIPT_OUTPUT_FILE_0}\"\n";
			showEnvVarsInLog = 0;
		};
		6732F2E913E75E74140281B2 /* [CP] Embed Pods Frameworks */ = {
			isa = PBXShellScriptBuildPhase;
			buildActionMask = 2147483647;
			files = (
			);
			inputFileListPaths = (
				"${PODS_ROOT}/Target Support Files/Pods-OzeCodingChallenge/Pods-OzeCodingChallenge-frameworks-${CONFIGURATION}-input-files.xcfilelist",
			);
			name = "[CP] Embed Pods Frameworks";
			outputFileListPaths = (
				"${PODS_ROOT}/Target Support Files/Pods-OzeCodingChallenge/Pods-OzeCodingChallenge-frameworks-${CONFIGURATION}-output-files.xcfilelist",
			);
			runOnlyForDeploymentPostprocessing = 0;
			shellPath = /bin/sh;
			shellScript = "\"${PODS_ROOT}/Target Support Files/Pods-OzeCodingChallenge/Pods-OzeCodingChallenge-frameworks.sh\"\n";
			showEnvVarsInLog = 0;
		};
/* End PBXShellScriptBuildPhase section */

/* Begin PBXSourcesBuildPhase section */
		EDE58F9628BE597400DC3446 /* Sources */ = {
			isa = PBXSourcesBuildPhase;
			buildActionMask = 2147483647;
			files = (
				EDE58FA228BE597400DC3446 /* HomeViewController.swift in Sources */,
				EDE58FD328BF764600DC3446 /* HeaderView.swift in Sources */,
				ED19A3E828BFFC0D00E31D57 /* String.swift in Sources */,
				EDE58FCA28BF6DC800DC3446 /* ColorsExtension.swift in Sources */,
				EDE58FC328BF5CB600DC3446 /* RealmDataSource.swift in Sources */,
				EDE58FCC28BF6E0200DC3446 /* FontsExtension.swift in Sources */,
				EDE58FB328BE5A7B00DC3446 /* Route.swift in Sources */,
				EDE58FB528BE5A8600DC3446 /* AppError.swift in Sources */,
				EDE58FD528BF779C00DC3446 /* ImageViewExtension.swift in Sources */,
				EDE58F9E28BE597400DC3446 /* AppDelegate.swift in Sources */,
				EDE58FC128BF514100DC3446 /* DataViewModel.swift in Sources */,
				ED19A3ED28C028EE00E31D57 /* DetailsViewController.swift in Sources */,
				EDE58FBB28BE5AD700DC3446 /* StringExtension.swift in Sources */,
				EDE58FB728BE5A9300DC3446 /* NetworkService.swift in Sources */,
				EDE58FB928BE5AA500DC3446 /* Method.swift in Sources */,
				EDE58FA028BE597400DC3446 /* SceneDelegate.swift in Sources */,
				EDE58FCF28BF70E100DC3446 /* MainDataCell.swift in Sources */,
				EDE58FBE28BF503600DC3446 /* DataModel.swift in Sources */,
				EDE58FD128BF749F00DC3446 /* ViewExtension.swift in Sources */,
				EDE58FC528BF5D2100DC3446 /* DataRealmModel.swift in Sources */,
				EDE58FC828BF6D4D00DC3446 /* AppsColors.swift in Sources */,
			);
			runOnlyForDeploymentPostprocessing = 0;
		};
/* End PBXSourcesBuildPhase section */

/* Begin PBXVariantGroup section */
		EDE58FA828BE597500DC3446 /* LaunchScreen.storyboard */ = {
			isa = PBXVariantGroup;
			children = (
				EDE58FA928BE597500DC3446 /* Base */,
			);
			name = LaunchScreen.storyboard;
			sourceTree = "<group>";
		};
/* End PBXVariantGroup section */

/* Begin XCBuildConfiguration section */
		EDE58FAC28BE597500DC3446 /* Debug */ = {
			isa = XCBuildConfiguration;
			buildSettings = {
				ALWAYS_SEARCH_USER_PATHS = NO;
				CLANG_ANALYZER_NONNULL = YES;
				CLANG_ANALYZER_NUMBER_OBJECT_CONVERSION = YES_AGGRESSIVE;
				CLANG_CXX_LANGUAGE_STANDARD = "gnu++17";
				CLANG_ENABLE_MODULES = YES;
				CLANG_ENABLE_OBJC_ARC = YES;
				CLANG_ENABLE_OBJC_WEAK = YES;
				CLANG_WARN_BLOCK_CAPTURE_AUTORELEASING = YES;
				CLANG_WARN_BOOL_CONVERSION = YES;
				CLANG_WARN_COMMA = YES;
				CLANG_WARN_CONSTANT_CONVERSION = YES;
				CLANG_WARN_DEPRECATED_OBJC_IMPLEMENTATIONS = YES;
				CLANG_WARN_DIRECT_OBJC_ISA_USAGE = YES_ERROR;
				CLANG_WARN_DOCUMENTATION_COMMENTS = YES;
				CLANG_WARN_EMPTY_BODY = YES;
				CLANG_WARN_ENUM_CONVERSION = YES;
				CLANG_WARN_INFINITE_RECURSION = YES;
				CLANG_WARN_INT_CONVERSION = YES;
				CLANG_WARN_NON_LITERAL_NULL_CONVERSION = YES;
				CLANG_WARN_OBJC_IMPLICIT_RETAIN_SELF = YES;
				CLANG_WARN_OBJC_LITERAL_CONVERSION = YES;
				CLANG_WARN_OBJC_ROOT_CLASS = YES_ERROR;
				CLANG_WARN_QUOTED_INCLUDE_IN_FRAMEWORK_HEADER = YES;
				CLANG_WARN_RANGE_LOOP_ANALYSIS = YES;
				CLANG_WARN_STRICT_PROTOTYPES = YES;
				CLANG_WARN_SUSPICIOUS_MOVE = YES;
				CLANG_WARN_UNGUARDED_AVAILABILITY = YES_AGGRESSIVE;
				CLANG_WARN_UNREACHABLE_CODE = YES;
				CLANG_WARN__DUPLICATE_METHOD_MATCH = YES;
				COPY_PHASE_STRIP = NO;
				DEBUG_INFORMATION_FORMAT = dwarf;
				ENABLE_STRICT_OBJC_MSGSEND = YES;
				ENABLE_TESTABILITY = YES;
				GCC_C_LANGUAGE_STANDARD = gnu11;
				GCC_DYNAMIC_NO_PIC = NO;
				GCC_NO_COMMON_BLOCKS = YES;
				GCC_OPTIMIZATION_LEVEL = 0;
				GCC_PREPROCESSOR_DEFINITIONS = (
					"DEBUG=1",
					"$(inherited)",
				);
				GCC_WARN_64_TO_32_BIT_CONVERSION = YES;
				GCC_WARN_ABOUT_RETURN_TYPE = YES_ERROR;
				GCC_WARN_UNDECLARED_SELECTOR = YES;
				GCC_WARN_UNINITIALIZED_AUTOS = YES_AGGRESSIVE;
				GCC_WARN_UNUSED_FUNCTION = YES;
				GCC_WARN_UNUSED_VARIABLE = YES;
				IPHONEOS_DEPLOYMENT_TARGET = 15.4;
				MTL_ENABLE_DEBUG_INFO = INCLUDE_SOURCE;
				MTL_FAST_MATH = YES;
				ONLY_ACTIVE_ARCH = YES;
				SDKROOT = iphoneos;
				SWIFT_ACTIVE_COMPILATION_CONDITIONS = DEBUG;
				SWIFT_OPTIMIZATION_LEVEL = "-Onone";
			};
			name = Debug;
		};
		EDE58FAD28BE597500DC3446 /* Release */ = {
			isa = XCBuildConfiguration;
			buildSettings = {
				ALWAYS_SEARCH_USER_PATHS = NO;
				CLANG_ANALYZER_NONNULL = YES;
				CLANG_ANALYZER_NUMBER_OBJECT_CONVERSION = YES_AGGRESSIVE;
				CLANG_CXX_LANGUAGE_STANDARD = "gnu++17";
				CLANG_ENABLE_MODULES = YES;
				CLANG_ENABLE_OBJC_ARC = YES;
				CLANG_ENABLE_OBJC_WEAK = YES;
				CLANG_WARN_BLOCK_CAPTURE_AUTORELEASING = YES;
				CLANG_WARN_BOOL_CONVERSION = YES;
				CLANG_WARN_COMMA = YES;
				CLANG_WARN_CONSTANT_CONVERSION = YES;
				CLANG_WARN_DEPRECATED_OBJC_IMPLEMENTATIONS = YES;
				CLANG_WARN_DIRECT_OBJC_ISA_USAGE = YES_ERROR;
				CLANG_WARN_DOCUMENTATION_COMMENTS = YES;
				CLANG_WARN_EMPTY_BODY = YES;
				CLANG_WARN_ENUM_CONVERSION = YES;
				CLANG_WARN_INFINITE_RECURSION = YES;
				CLANG_WARN_INT_CONVERSION = YES;
				CLANG_WARN_NON_LITERAL_NULL_CONVERSION = YES;
				CLANG_WARN_OBJC_IMPLICIT_RETAIN_SELF = YES;
				CLANG_WARN_OBJC_LITERAL_CONVERSION = YES;
				CLANG_WARN_OBJC_ROOT_CLASS = YES_ERROR;
				CLANG_WARN_QUOTED_INCLUDE_IN_FRAMEWORK_HEADER = YES;
				CLANG_WARN_RANGE_LOOP_ANALYSIS = YES;
				CLANG_WARN_STRICT_PROTOTYPES = YES;
				CLANG_WARN_SUSPICIOUS_MOVE = YES;
				CLANG_WARN_UNGUARDED_AVAILABILITY = YES_AGGRESSIVE;
				CLANG_WARN_UNREACHABLE_CODE = YES;
				CLANG_WARN__DUPLICATE_METHOD_MATCH = YES;
				COPY_PHASE_STRIP = NO;
				DEBUG_INFORMATION_FORMAT = "dwarf-with-dsym";
				ENABLE_NS_ASSERTIONS = NO;
				ENABLE_STRICT_OBJC_MSGSEND = YES;
				GCC_C_LANGUAGE_STANDARD = gnu11;
				GCC_NO_COMMON_BLOCKS = YES;
				GCC_WARN_64_TO_32_BIT_CONVERSION = YES;
				GCC_WARN_ABOUT_RETURN_TYPE = YES_ERROR;
				GCC_WARN_UNDECLARED_SELECTOR = YES;
				GCC_WARN_UNINITIALIZED_AUTOS = YES_AGGRESSIVE;
				GCC_WARN_UNUSED_FUNCTION = YES;
				GCC_WARN_UNUSED_VARIABLE = YES;
				IPHONEOS_DEPLOYMENT_TARGET = 15.4;
				MTL_ENABLE_DEBUG_INFO = NO;
				MTL_FAST_MATH = YES;
				SDKROOT = iphoneos;
				SWIFT_COMPILATION_MODE = wholemodule;
				SWIFT_OPTIMIZATION_LEVEL = "-O";
				VALIDATE_PRODUCT = YES;
			};
			name = Release;
		};
		EDE58FAF28BE597500DC3446 /* Debug */ = {
			isa = XCBuildConfiguration;
			baseConfigurationReference = AB8341842021540AB73E9978 /* Pods-OzeCodingChallenge.debug.xcconfig */;
			buildSettings = {
				ASSETCATALOG_COMPILER_APPICON_NAME = AppIcon;
				ASSETCATALOG_COMPILER_GLOBAL_ACCENT_COLOR_NAME = AccentColor;
				CODE_SIGN_STYLE = Automatic;
				CURRENT_PROJECT_VERSION = 1;
				GENERATE_INFOPLIST_FILE = YES;
				INFOPLIST_FILE = OzeCodingChallenge/Info.plist;
				INFOPLIST_KEY_UIApplicationSupportsIndirectInputEvents = YES;
				INFOPLIST_KEY_UILaunchStoryboardName = LaunchScreen;
				INFOPLIST_KEY_UISupportedInterfaceOrientations_iPad = "UIInterfaceOrientationPortrait UIInterfaceOrientationPortraitUpsideDown UIInterfaceOrientationLandscapeLeft UIInterfaceOrientationLandscapeRight";
				INFOPLIST_KEY_UISupportedInterfaceOrientations_iPhone = "UIInterfaceOrientationPortrait UIInterfaceOrientationLandscapeLeft UIInterfaceOrientationLandscapeRight";
				LD_RUNPATH_SEARCH_PATHS = (
					"$(inherited)",
					"@executable_path/Frameworks",
				);
				MARKETING_VERSION = 1.0;
				PRODUCT_BUNDLE_IDENTIFIER = waris.OzeCodingChallenge;
				PRODUCT_NAME = "$(TARGET_NAME)";
				SWIFT_EMIT_LOC_STRINGS = YES;
				SWIFT_VERSION = 5.0;
				TARGETED_DEVICE_FAMILY = "1,2";
			};
			name = Debug;
		};
		EDE58FB028BE597500DC3446 /* Release */ = {
			isa = XCBuildConfiguration;
			baseConfigurationReference = 179FE7EF3036DED6F43016D8 /* Pods-OzeCodingChallenge.release.xcconfig */;
			buildSettings = {
				ASSETCATALOG_COMPILER_APPICON_NAME = AppIcon;
				ASSETCATALOG_COMPILER_GLOBAL_ACCENT_COLOR_NAME = AccentColor;
				CODE_SIGN_STYLE = Automatic;
				CURRENT_PROJECT_VERSION = 1;
				GENERATE_INFOPLIST_FILE = YES;
				INFOPLIST_FILE = OzeCodingChallenge/Info.plist;
				INFOPLIST_KEY_UIApplicationSupportsIndirectInputEvents = YES;
				INFOPLIST_KEY_UILaunchStoryboardName = LaunchScreen;
				INFOPLIST_KEY_UISupportedInterfaceOrientations_iPad = "UIInterfaceOrientationPortrait UIInterfaceOrientationPortraitUpsideDown UIInterfaceOrientationLandscapeLeft UIInterfaceOrientationLandscapeRight";
				INFOPLIST_KEY_UISupportedInterfaceOrientations_iPhone = "UIInterfaceOrientationPortrait UIInterfaceOrientationLandscapeLeft UIInterfaceOrientationLandscapeRight";
				LD_RUNPATH_SEARCH_PATHS = (
					"$(inherited)",
					"@executable_path/Frameworks",
				);
				MARKETING_VERSION = 1.0;
				PRODUCT_BUNDLE_IDENTIFIER = waris.OzeCodingChallenge;
				PRODUCT_NAME = "$(TARGET_NAME)";
				SWIFT_EMIT_LOC_STRINGS = YES;
				SWIFT_VERSION = 5.0;
				TARGETED_DEVICE_FAMILY = "1,2";
			};
			name = Release;
		};
/* End XCBuildConfiguration section */

/* Begin XCConfigurationList section */
		EDE58F9528BE597400DC3446 /* Build configuration list for PBXProject "OzeCodingChallenge" */ = {
			isa = XCConfigurationList;
			buildConfigurations = (
				EDE58FAC28BE597500DC3446 /* Debug */,
				EDE58FAD28BE597500DC3446 /* Release */,
			);
			defaultConfigurationIsVisible = 0;
			defaultConfigurationName = Release;
		};
		EDE58FAE28BE597500DC3446 /* Build configuration list for PBXNativeTarget "OzeCodingChallenge" */ = {
			isa = XCConfigurationList;
			buildConfigurations = (
				EDE58FAF28BE597500DC3446 /* Debug */,
				EDE58FB028BE597500DC3446 /* Release */,
			);
			defaultConfigurationIsVisible = 0;
			defaultConfigurationName = Release;
		};
/* End XCConfigurationList section */
	};
	rootObject = EDE58F9228BE597400DC3446 /* Project object */;
}
